
Microsoft Visual Studio Solution File, Format Version 12.00
# Visual Studio 15
VisualStudioVersion = 15.0.28307.2017
MinimumVisualStudioVersion = 10.0.40219.1
Project("{FAE04EC0-301F-11D3-BF4B-00C04F79EFBC}") = "TestProject", "TestProject\TestProject.csproj", "{6C3EB21F-8853-4002-A1D4-03DDE2553786}"
EndProject
Project("{FAE04EC0-301F-11D3-BF4B-00C04F79EFBC}") = "AppService", "AppService\AppService.csproj", "{D64D6F6B-3EC2-4571-B1C8-3429B66E7D6C}"
EndProject
Project("{FAE04EC0-301F-11D3-BF4B-00C04F79EFBC}") = "Common", "Common\Common.csproj", "{A51AEF57-5938-4705-9756-93AFC3A43190}"
EndProject
Project("{FAE04EC0-301F-11D3-BF4B-00C04F79EFBC}") = "DataAccess", "DataAccess\DataAccess.csproj", "{A522F9BD-6B3B-4C0C-8E83-C8D32C7C05A4}"
EndProject
Global
	GlobalSection(SolutionConfigurationPlatforms) = preSolution
		Debug|Any CPU = Debug|Any CPU
		Release|Any CPU = Release|Any CPU
	EndGlobalSection
	GlobalSection(ProjectConfigurationPlatforms) = postSolution
		{6C3EB21F-8853-4002-A1D4-03DDE2553786}.Debug|Any CPU.ActiveCfg = Debug|Any CPU
		{6C3EB21F-8853-4002-A1D4-03DDE2553786}.Debug|Any CPU.Build.0 = Debug|Any CPU
		{6C3EB21F-8853-4002-A1D4-03DDE2553786}.Release|Any CPU.ActiveCfg = Release|Any CPU
		{6C3EB21F-8853-4002-A1D4-03DDE2553786}.Release|Any CPU.Build.0 = Release|Any CPU
		{D64D6F6B-3EC2-4571-B1C8-3429B66E7D6C}.Debug|Any CPU.ActiveCfg = Debug|Any CPU
		{D64D6F6B-3EC2-4571-B1C8-3429B66E7D6C}.Debug|Any CPU.Build.0 = Debug|Any CPU
		{D64D6F6B-3EC2-4571-B1C8-3429B66E7D6C}.Release|Any CPU.ActiveCfg = Release|Any CPU
		{D64D6F6B-3EC2-4571-B1C8-3429B66E7D6C}.Release|Any CPU.Build.0 = Release|Any CPU
		{A51AEF57-5938-4705-9756-93AFC3A43190}.Debug|Any CPU.ActiveCfg = Debug|Any CPU
		{A51AEF57-5938-4705-9756-93AFC3A43190}.Debug|Any CPU.Build.0 = Debug|Any CPU
		{A51AEF57-5938-4705-9756-93AFC3A43190}.Release|Any CPU.ActiveCfg = Release|Any CPU
		{A51AEF57-5938-4705-9756-93AFC3A43190}.Release|Any CPU.Build.0 = Release|Any CPU
		{A522F9BD-6B3B-4C0C-8E83-C8D32C7C05A4}.Debug|Any CPU.ActiveCfg = Debug|Any CPU
		{A522F9BD-6B3B-4C0C-8E83-C8D32C7C05A4}.Debug|Any CPU.Build.0 = Debug|Any CPU
		{A522F9BD-6B3B-4C0C-8E83-C8D32C7C05A4}.Release|Any CPU.ActiveCfg = Release|Any CPU
		{A522F9BD-6B3B-4C0C-8E83-C8D32C7C05A4}.Release|Any CPU.Build.0 = Release|Any CPU
	EndGlobalSection
	GlobalSection(SolutionProperties) = preSolution
		HideSolutionNode = FALSE
	EndGlobalSection
	GlobalSection(ExtensibilityGlobals) = postSolution
		SolutionGuid = {C78082D7-0320-40DD-9F31-78C803152958}
	EndGlobalSection
EndGlobal
